{
  "lockfileVersion": 0,
  "workspaces": {
    "": {
      "name": "harvest-hearth",
      "devDependencies": {
        "mocha": "10.2.0",
        "nyc": "17.1.0",
        "eslint": "8.57.1",
        "eslint-plugin-sonarjs": "0.25.1",
        "@swc/core": "1.9.3",
        "@swc/cli": "0.5.2"
      }
    }
  }
}
