{
  "lockfileVersion": 0,
  "workspaces": {
    "": {
      "name": "fern-quarry",
      "devDependencies": {
        "mocha": "10.2.0",
        "nyc": "17.1.0",
        "eslint": "8.57.1",
        "eslint-plugin-sonarjs": "0.25.1",
        "webpack": "5.97.1",
        "webpack-cli": "5.1.4"
      }
    }
  }
}
