{
  "name": "glacier-atlas",
  "version": "1.0.0",
  "lockfileVersion": 2,
  "requires": true,
  "packages": {
    "": {
      "name": "glacier-atlas",
      "version": "1.0.0",
      "license": "MIT",
      "devDependencies": {
        "mocha": "10.2.0",
        "nyc": "17.1.0",
        "eslint": "8.57.1",
        "eslint-plugin-sonarjs": "0.25.1",
        "parcel": "2.12.0"
      }
    }
  },
  "dependencies": {}
}
