{
  "name": "bramble-compass",
  "version": "1.0.0",
  "lockfileVersion": 2,
  "requires": true,
  "packages": {
    "": {
      "name": "bramble-compass",
      "version": "1.0.0",
      "license": "MIT",
      "devDependencies": {
        "mocha": "8.4.0",
        "nyc": "15.1.0",
        "rollup": "2.79.2"
      }
    }
  },
  "dependencies": {}
}
