{
  "name": "zephyr-compass",
  "version": "1.0.0",
  "lockfileVersion": 2,
  "requires": true,
  "packages": {
    "": {
      "name": "zephyr-compass",
      "version": "1.0.0",
      "license": "MIT",
      "devDependencies": {
        "mocha": "10.2.0",
        "nyc": "17.1.0",
        "jscpd": "3.5.10",
        "eslint": "8.57.1",
        "eslint-plugin-security": "1.7.1",
        "eslint-plugin-sonarjs": "0.25.1",
        "eslint-scope": "7.2.2",
        "@swc/core": "1.9.3",
        "@swc/cli": "0.5.2"
      }
    }
  },
  "dependencies": {}
}
