lockfileVersion: '6.0'
settings:
  autoInstallPeers: true
importers:
  .:
    devDependencies:
      esbuild:
        specifier: 0.24.2
        version: 0.24.2
      eslint:
        specifier: 8.57.1
        version: 8.57.1
      eslint-plugin-sonarjs:
        specifier: 0.25.1
        version: 0.25.1
      mocha:
        specifier: 10.2.0
        version: 10.2.0
      nyc:
        specifier: 17.1.0
        version: 17.1.0
