lockfileVersion: '6.0'
settings:
  autoInstallPeers: true
importers:
  .:
    devDependencies:
      @rspack/cli:
        specifier: 0.5.9
        version: 0.5.9
      @rspack/core:
        specifier: 0.5.9
        version: 0.5.9
      mocha:
        specifier: 8.4.0
        version: 8.4.0
      nyc:
        specifier: 15.1.0
        version: 15.1.0
