lockfileVersion: '6.0'
settings:
  autoInstallPeers: true
importers:
  .:
    devDependencies:
      @stryker-mutator/core:
        specifier: 8.7.1
        version: 8.7.1
      @stryker-mutator/mocha-runner:
        specifier: 8.7.1
        version: 8.7.1
      eslint:
        specifier: 8.57.1
        version: 8.57.1
      eslint-plugin-security:
        specifier: 1.7.1
        version: 1.7.1
      jscpd:
        specifier: 3.5.10
        version: 3.5.10
      mocha:
        specifier: 10.2.0
        version: 10.2.0
      parcel:
        specifier: 2.12.0
        version: 2.12.0
